
Microsoft Visual Studio Solution File, Format Version 12.00
# Visual Studio Version 16
VisualStudioVersion = 16.0.29306.81
MinimumVisualStudioVersion = 10.0.40219.1
Project("{FAE04EC0-301F-11D3-BF4B-00C04F79EFBC}") = "WebApplication3", "WebApplication3.csproj", "{D1065C99-B382-4879-9BD1-40D5EFDAECEC}"
EndProject
Global
	GlobalSection(SolutionConfigurationPlatforms) = preSolution
		Debug|Any CPU = Debug|Any CPU
		Release|Any CPU = Release|Any CPU
	EndGlobalSection
	GlobalSection(ProjectConfigurationPlatforms) = postSolution
		{D1065C99-B382-4879-9BD1-40D5EFDAECEC}.Debug|Any CPU.ActiveCfg = Debug|Any CPU
		{D1065C99-B382-4879-9BD1-40D5EFDAECEC}.Debug|Any CPU.Build.0 = Debug|Any CPU
		{D1065C99-B382-4879-9BD1-40D5EFDAECEC}.Release|Any CPU.ActiveCfg = Release|Any CPU
		{D1065C99-B382-4879-9BD1-40D5EFDAECEC}.Release|Any CPU.Build.0 = Release|Any CPU
	EndGlobalSection
	GlobalSection(SolutionProperties) = preSolution
		HideSolutionNode = FALSE
	EndGlobalSection
	GlobalSection(ExtensibilityGlobals) = postSolution
		SolutionGuid = {818A4429-BE06-4033-83EE-AB4A79043771}
	EndGlobalSection
EndGlobal
